
Microsoft Visual Studio Solution File, Format Version 12.00
# Visual Studio 2013
VisualStudioVersion = 12.0.30501.0
MinimumVisualStudioVersion = 10.0.40219.1
Project("{FAE04EC0-301F-11D3-BF4B-00C04F79EFBC}") = "server_api", "server_api\server_api.csproj", "{CDD8E1FD-5C13-43A1-9E18-812E9D88236D}"
EndProject
Project("{2150E333-8FDC-42A3-9474-1A3956D46DE8}") = ".nuget", ".nuget", "{154B585A-A3E3-4C60-92FF-7C6F604A377D}"
	ProjectSection(SolutionItems) = preProject
		.nuget\NuGet.Config = .nuget\NuGet.Config
		.nuget\NuGet.exe = .nuget\NuGet.exe
		.nuget\NuGet.targets = .nuget\NuGet.targets
		.nuget\packages.config = .nuget\packages.config
	EndProjectSection
EndProject
Project("{FAE04EC0-301F-11D3-BF4B-00C04F79EFBC}") = "server_api.unit_testing", "server_api.unit_testing\server_api.unit_testing.csproj", "{7CB027DE-8614-45A1-A663-3094C1C2ACB7}"
EndProject
Project("{FAE04EC0-301F-11D3-BF4B-00C04F79EFBC}") = "AirNowSaveData", "..\airnow_retrieval\AirNowSaveData\AirNowSaveData.csproj", "{50E4CC0B-D370-4A85-ACF5-22F66381F21A}"
EndProject
Project("{FAE04EC0-301F-11D3-BF4B-00C04F79EFBC}") = "AirStoreToDB", "..\airnow_retrieval\AirStoreToDB\AirStoreToDB.csproj", "{E6B45CA5-17DF-4A7C-A27C-C1301CF8FDF5}"
EndProject
Global
	GlobalSection(SolutionConfigurationPlatforms) = preSolution
		arvixe-dev|Any CPU = arvixe-dev|Any CPU
		arvixe-prod|Any CPU = arvixe-prod|Any CPU
		cade|Any CPU = cade|Any CPU
		Debug|Any CPU = Debug|Any CPU
		local|Any CPU = local|Any CPU
		Release|Any CPU = Release|Any CPU
	EndGlobalSection
	GlobalSection(ProjectConfigurationPlatforms) = postSolution
		{CDD8E1FD-5C13-43A1-9E18-812E9D88236D}.arvixe-dev|Any CPU.ActiveCfg = arvixe-dev|Any CPU
		{CDD8E1FD-5C13-43A1-9E18-812E9D88236D}.arvixe-dev|Any CPU.Build.0 = arvixe-dev|Any CPU
		{CDD8E1FD-5C13-43A1-9E18-812E9D88236D}.arvixe-dev|Any CPU.Deploy.0 = arvixe-dev|Any CPU
		{CDD8E1FD-5C13-43A1-9E18-812E9D88236D}.arvixe-prod|Any CPU.ActiveCfg = arvixe-prod|Any CPU
		{CDD8E1FD-5C13-43A1-9E18-812E9D88236D}.arvixe-prod|Any CPU.Build.0 = arvixe-prod|Any CPU
		{CDD8E1FD-5C13-43A1-9E18-812E9D88236D}.cade|Any CPU.ActiveCfg = cade|Any CPU
		{CDD8E1FD-5C13-43A1-9E18-812E9D88236D}.cade|Any CPU.Build.0 = cade|Any CPU
		{CDD8E1FD-5C13-43A1-9E18-812E9D88236D}.Debug|Any CPU.ActiveCfg = Debug|Any CPU
		{CDD8E1FD-5C13-43A1-9E18-812E9D88236D}.Debug|Any CPU.Build.0 = Debug|Any CPU
		{CDD8E1FD-5C13-43A1-9E18-812E9D88236D}.local|Any CPU.ActiveCfg = local|Any CPU
		{CDD8E1FD-5C13-43A1-9E18-812E9D88236D}.local|Any CPU.Build.0 = local|Any CPU
		{CDD8E1FD-5C13-43A1-9E18-812E9D88236D}.Release|Any CPU.ActiveCfg = Release|Any CPU
		{CDD8E1FD-5C13-43A1-9E18-812E9D88236D}.Release|Any CPU.Build.0 = Release|Any CPU
		{7CB027DE-8614-45A1-A663-3094C1C2ACB7}.arvixe-dev|Any CPU.ActiveCfg = arvixe-dev|Any CPU
		{7CB027DE-8614-45A1-A663-3094C1C2ACB7}.arvixe-dev|Any CPU.Build.0 = arvixe-dev|Any CPU
		{7CB027DE-8614-45A1-A663-3094C1C2ACB7}.arvixe-prod|Any CPU.ActiveCfg = arvixe-prod|Any CPU
		{7CB027DE-8614-45A1-A663-3094C1C2ACB7}.arvixe-prod|Any CPU.Build.0 = arvixe-prod|Any CPU
		{7CB027DE-8614-45A1-A663-3094C1C2ACB7}.cade|Any CPU.ActiveCfg = cade|Any CPU
		{7CB027DE-8614-45A1-A663-3094C1C2ACB7}.cade|Any CPU.Build.0 = cade|Any CPU
		{7CB027DE-8614-45A1-A663-3094C1C2ACB7}.Debug|Any CPU.ActiveCfg = Debug|Any CPU
		{7CB027DE-8614-45A1-A663-3094C1C2ACB7}.Debug|Any CPU.Build.0 = Debug|Any CPU
		{7CB027DE-8614-45A1-A663-3094C1C2ACB7}.local|Any CPU.ActiveCfg = local|Any CPU
		{7CB027DE-8614-45A1-A663-3094C1C2ACB7}.local|Any CPU.Build.0 = local|Any CPU
		{7CB027DE-8614-45A1-A663-3094C1C2ACB7}.Release|Any CPU.ActiveCfg = Release|Any CPU
		{7CB027DE-8614-45A1-A663-3094C1C2ACB7}.Release|Any CPU.Build.0 = Release|Any CPU
		{50E4CC0B-D370-4A85-ACF5-22F66381F21A}.arvixe-dev|Any CPU.ActiveCfg = Release|Any CPU
		{50E4CC0B-D370-4A85-ACF5-22F66381F21A}.arvixe-dev|Any CPU.Build.0 = Release|Any CPU
		{50E4CC0B-D370-4A85-ACF5-22F66381F21A}.arvixe-prod|Any CPU.ActiveCfg = Release|Any CPU
		{50E4CC0B-D370-4A85-ACF5-22F66381F21A}.arvixe-prod|Any CPU.Build.0 = Release|Any CPU
		{50E4CC0B-D370-4A85-ACF5-22F66381F21A}.cade|Any CPU.ActiveCfg = Release|Any CPU
		{50E4CC0B-D370-4A85-ACF5-22F66381F21A}.cade|Any CPU.Build.0 = Release|Any CPU
		{50E4CC0B-D370-4A85-ACF5-22F66381F21A}.Debug|Any CPU.ActiveCfg = Debug|Any CPU
		{50E4CC0B-D370-4A85-ACF5-22F66381F21A}.Debug|Any CPU.Build.0 = Debug|Any CPU
		{50E4CC0B-D370-4A85-ACF5-22F66381F21A}.local|Any CPU.ActiveCfg = Release|Any CPU
		{50E4CC0B-D370-4A85-ACF5-22F66381F21A}.local|Any CPU.Build.0 = Release|Any CPU
		{50E4CC0B-D370-4A85-ACF5-22F66381F21A}.Release|Any CPU.ActiveCfg = Release|Any CPU
		{50E4CC0B-D370-4A85-ACF5-22F66381F21A}.Release|Any CPU.Build.0 = Release|Any CPU
		{E6B45CA5-17DF-4A7C-A27C-C1301CF8FDF5}.arvixe-dev|Any CPU.ActiveCfg = Release|Any CPU
		{E6B45CA5-17DF-4A7C-A27C-C1301CF8FDF5}.arvixe-dev|Any CPU.Build.0 = Release|Any CPU
		{E6B45CA5-17DF-4A7C-A27C-C1301CF8FDF5}.arvixe-prod|Any CPU.ActiveCfg = Release|Any CPU
		{E6B45CA5-17DF-4A7C-A27C-C1301CF8FDF5}.arvixe-prod|Any CPU.Build.0 = Release|Any CPU
		{E6B45CA5-17DF-4A7C-A27C-C1301CF8FDF5}.cade|Any CPU.ActiveCfg = Release|Any CPU
		{E6B45CA5-17DF-4A7C-A27C-C1301CF8FDF5}.cade|Any CPU.Build.0 = Release|Any CPU
		{E6B45CA5-17DF-4A7C-A27C-C1301CF8FDF5}.Debug|Any CPU.ActiveCfg = Debug|Any CPU
		{E6B45CA5-17DF-4A7C-A27C-C1301CF8FDF5}.Debug|Any CPU.Build.0 = Debug|Any CPU
		{E6B45CA5-17DF-4A7C-A27C-C1301CF8FDF5}.local|Any CPU.ActiveCfg = Release|Any CPU
		{E6B45CA5-17DF-4A7C-A27C-C1301CF8FDF5}.local|Any CPU.Build.0 = Release|Any CPU
		{E6B45CA5-17DF-4A7C-A27C-C1301CF8FDF5}.Release|Any CPU.ActiveCfg = Release|Any CPU
		{E6B45CA5-17DF-4A7C-A27C-C1301CF8FDF5}.Release|Any CPU.Build.0 = Release|Any CPU
	EndGlobalSection
	GlobalSection(SolutionProperties) = preSolution
		HideSolutionNode = FALSE
	EndGlobalSection
EndGlobal
